
Microsoft Visual Studio Solution File, Format Version 12.00
# Visual Studio Version 16
VisualStudioVersion = 16.0.28803.156
MinimumVisualStudioVersion = 10.0.40219.1
Project("{FAE04EC0-301F-11D3-BF4B-00C04F79EFBC}") = "Laboration 4", "Laboration 4\Laboration 4.csproj", "{7CD3BBFF-0514-4BC0-935B-E4CA544DD474}"
EndProject
Global
	GlobalSection(SolutionConfigurationPlatforms) = preSolution
		Debug|Any CPU = Debug|Any CPU
		Release|Any CPU = Release|Any CPU
	EndGlobalSection
	GlobalSection(ProjectConfigurationPlatforms) = postSolution
		{7CD3BBFF-0514-4BC0-935B-E4CA544DD474}.Debug|Any CPU.ActiveCfg = Debug|Any CPU
		{7CD3BBFF-0514-4BC0-935B-E4CA544DD474}.Debug|Any CPU.Build.0 = Debug|Any CPU
		{7CD3BBFF-0514-4BC0-935B-E4CA544DD474}.Release|Any CPU.ActiveCfg = Release|Any CPU
		{7CD3BBFF-0514-4BC0-935B-E4CA544DD474}.Release|Any CPU.Build.0 = Release|Any CPU
	EndGlobalSection
	GlobalSection(SolutionProperties) = preSolution
		HideSolutionNode = FALSE
	EndGlobalSection
	GlobalSection(ExtensibilityGlobals) = postSolution
		SolutionGuid = {711F6434-F9D4-4597-9EA5-E0B9D11C9F72}
	EndGlobalSection
EndGlobal
